
Microsoft Visual Studio Solution File, Format Version 12.00
# Visual Studio Version 16
VisualStudioVersion = 16.0.31424.327
MinimumVisualStudioVersion = 10.0.40219.1
Project("{FAE04EC0-301F-11D3-BF4B-00C04F79EFBC}") = "WindowsFormsApp1", "WindowsFormsApp1\WindowsFormsApp1.csproj", "{530F21E0-6459-4B35-9ECF-C44EC6B81ABE}"
EndProject
Global
	GlobalSection(SolutionConfigurationPlatforms) = preSolution
		Debug|Any CPU = Debug|Any CPU
		Release|Any CPU = Release|Any CPU
	EndGlobalSection
	GlobalSection(ProjectConfigurationPlatforms) = postSolution
		{530F21E0-6459-4B35-9ECF-C44EC6B81ABE}.Debug|Any CPU.ActiveCfg = Debug|Any CPU
		{530F21E0-6459-4B35-9ECF-C44EC6B81ABE}.Debug|Any CPU.Build.0 = Debug|Any CPU
		{530F21E0-6459-4B35-9ECF-C44EC6B81ABE}.Release|Any CPU.ActiveCfg = Release|Any CPU
		{530F21E0-6459-4B35-9ECF-C44EC6B81ABE}.Release|Any CPU.Build.0 = Release|Any CPU
	EndGlobalSection
	GlobalSection(SolutionProperties) = preSolution
		HideSolutionNode = FALSE
	EndGlobalSection
	GlobalSection(ExtensibilityGlobals) = postSolution
		SolutionGuid = {5BA9F736-3C2B-47B2-B528-CFDD9D250B52}
	EndGlobalSection
EndGlobal
